
Microsoft Visual Studio Solution File, Format Version 12.00
# Visual Studio 2017
Project("{FAE04EC0-301F-11D3-BF4B-00C04F79EFBC}") = "MusicVisualizer", "MusicVisualizer.csproj", "{BFB38316-6121-02A0-B237-2309290A9262}"
EndProject
Project("{FAE04EC0-301F-11D3-BF4B-00C04F79EFBC}") = "MusicVisualizer.Plugins", "MusicVisualizer.Plugins.csproj", "{90D808A5-0C2D-BC61-40CE-A8D8E5E09281}"
EndProject
Global
	GlobalSection(SolutionConfigurationPlatforms) = preSolution
		Debug|Any CPU = Debug|Any CPU
		Release|Any CPU = Release|Any CPU
	EndGlobalSection
	GlobalSection(ProjectConfigurationPlatforms) = postSolution
		{BFB38316-6121-02A0-B237-2309290A9262}.Debug|Any CPU.ActiveCfg = Debug|Any CPU
		{BFB38316-6121-02A0-B237-2309290A9262}.Debug|Any CPU.Build.0 = Debug|Any CPU
		{BFB38316-6121-02A0-B237-2309290A9262}.Release|Any CPU.ActiveCfg = Release|Any CPU
		{BFB38316-6121-02A0-B237-2309290A9262}.Release|Any CPU.Build.0 = Release|Any CPU
		{90D808A5-0C2D-BC61-40CE-A8D8E5E09281}.Debug|Any CPU.ActiveCfg = Debug|Any CPU
		{90D808A5-0C2D-BC61-40CE-A8D8E5E09281}.Debug|Any CPU.Build.0 = Debug|Any CPU
		{90D808A5-0C2D-BC61-40CE-A8D8E5E09281}.Release|Any CPU.ActiveCfg = Release|Any CPU
		{90D808A5-0C2D-BC61-40CE-A8D8E5E09281}.Release|Any CPU.Build.0 = Release|Any CPU
	EndGlobalSection
	GlobalSection(SolutionProperties) = preSolution
		HideSolutionNode = FALSE
	EndGlobalSection
EndGlobal
